
Microsoft Visual Studio Solution File, Format Version 12.00
# Visual Studio Version 16
VisualStudioVersion = 16.0.32929.386
MinimumVisualStudioVersion = 10.0.40219.1
Project("{9A19103F-16F7-4668-BE54-9A1E7A4F7556}") = "AuthService", "AuthService\AuthService.csproj", "{C3F03516-BEC6-4ED1-ACC3-C02CF8F86E4A}"
EndProject
Project("{9A19103F-16F7-4668-BE54-9A1E7A4F7556}") = "Client", "Client\Client.csproj", "{BABD7296-9FCB-4AD6-9ED8-5024313A4514}"
EndProject
Project("{9A19103F-16F7-4668-BE54-9A1E7A4F7556}") = "Core", "Core\Core.csproj", "{5527BE44-D585-404C-B13F-674B673C740A}"
EndProject
Project("{FAE04EC0-301F-11D3-BF4B-00C04F79EFBC}") = "CryptoService", "CryptoService\CryptoService.csproj", "{3A5621E6-6460-40EE-99F8-989533F3718E}"
EndProject
Global
	GlobalSection(SolutionConfigurationPlatforms) = preSolution
		Debug|Any CPU = Debug|Any CPU
		Release|Any CPU = Release|Any CPU
	EndGlobalSection
	GlobalSection(ProjectConfigurationPlatforms) = postSolution
		{C3F03516-BEC6-4ED1-ACC3-C02CF8F86E4A}.Debug|Any CPU.ActiveCfg = Debug|Any CPU
		{C3F03516-BEC6-4ED1-ACC3-C02CF8F86E4A}.Debug|Any CPU.Build.0 = Debug|Any CPU
		{C3F03516-BEC6-4ED1-ACC3-C02CF8F86E4A}.Release|Any CPU.ActiveCfg = Release|Any CPU
		{C3F03516-BEC6-4ED1-ACC3-C02CF8F86E4A}.Release|Any CPU.Build.0 = Release|Any CPU
		{BABD7296-9FCB-4AD6-9ED8-5024313A4514}.Debug|Any CPU.ActiveCfg = Debug|Any CPU
		{BABD7296-9FCB-4AD6-9ED8-5024313A4514}.Debug|Any CPU.Build.0 = Debug|Any CPU
		{BABD7296-9FCB-4AD6-9ED8-5024313A4514}.Release|Any CPU.ActiveCfg = Release|Any CPU
		{BABD7296-9FCB-4AD6-9ED8-5024313A4514}.Release|Any CPU.Build.0 = Release|Any CPU
		{5527BE44-D585-404C-B13F-674B673C740A}.Debug|Any CPU.ActiveCfg = Debug|Any CPU
		{5527BE44-D585-404C-B13F-674B673C740A}.Debug|Any CPU.Build.0 = Debug|Any CPU
		{5527BE44-D585-404C-B13F-674B673C740A}.Release|Any CPU.ActiveCfg = Release|Any CPU
		{5527BE44-D585-404C-B13F-674B673C740A}.Release|Any CPU.Build.0 = Release|Any CPU
		{3A5621E6-6460-40EE-99F8-989533F3718E}.Debug|Any CPU.ActiveCfg = Debug|Any CPU
		{3A5621E6-6460-40EE-99F8-989533F3718E}.Debug|Any CPU.Build.0 = Debug|Any CPU
		{3A5621E6-6460-40EE-99F8-989533F3718E}.Release|Any CPU.ActiveCfg = Release|Any CPU
		{3A5621E6-6460-40EE-99F8-989533F3718E}.Release|Any CPU.Build.0 = Release|Any CPU
	EndGlobalSection
	GlobalSection(SolutionProperties) = preSolution
		HideSolutionNode = FALSE
	EndGlobalSection
	GlobalSection(ExtensibilityGlobals) = postSolution
		SolutionGuid = {D2C29F8D-F466-4FD9-B3F8-7A31E17A1638}
	EndGlobalSection
EndGlobal
